
Microsoft Visual Studio Solution File, Format Version 12.00
# Visual Studio Version 17
VisualStudioVersion = 17.14.37516.0 d17.14
MinimumVisualStudioVersion = 10.0.40219.1
Project("{FAE04EC0-301F-11D3-BF4B-00C04F79EFBC}") = "MauiScannetwork", "MauiScannetwork.csproj", "{3E94881A-5BFC-2617-B3D9-05B005F80747}"
EndProject
Global
	GlobalSection(SolutionConfigurationPlatforms) = preSolution
		Debug|Any CPU = Debug|Any CPU
		Release|Any CPU = Release|Any CPU
	EndGlobalSection
	GlobalSection(ProjectConfigurationPlatforms) = postSolution
		{3E94881A-5BFC-2617-B3D9-05B005F80747}.Debug|Any CPU.ActiveCfg = Debug|Any CPU
		{3E94881A-5BFC-2617-B3D9-05B005F80747}.Debug|Any CPU.Build.0 = Debug|Any CPU
		{3E94881A-5BFC-2617-B3D9-05B005F80747}.Debug|Any CPU.Deploy.0 = Debug|Any CPU
		{3E94881A-5BFC-2617-B3D9-05B005F80747}.Release|Any CPU.ActiveCfg = Release|Any CPU
		{3E94881A-5BFC-2617-B3D9-05B005F80747}.Release|Any CPU.Build.0 = Release|Any CPU
		{3E94881A-5BFC-2617-B3D9-05B005F80747}.Release|Any CPU.Deploy.0 = Release|Any CPU
	EndGlobalSection
	GlobalSection(SolutionProperties) = preSolution
		HideSolutionNode = FALSE
	EndGlobalSection
	GlobalSection(ExtensibilityGlobals) = postSolution
		SolutionGuid = {2EEE2C56-AFCD-4F82-817F-74DA12F07162}
	EndGlobalSection
EndGlobal
